
Microsoft Visual Studio Solution File, Format Version 12.00
# Visual Studio Version 17
VisualStudioVersion = 17.9.34714.143
MinimumVisualStudioVersion = 10.0.40219.1
Project("{FAE04EC0-301F-11D3-BF4B-00C04F79EFBC}") = "zd1", "zd1\zd1.csproj", "{AC329F0D-5981-4D05-8864-E71FFA9C3675}"
EndProject
Global
	GlobalSection(SolutionConfigurationPlatforms) = preSolution
		Debug|Any CPU = Debug|Any CPU
		Release|Any CPU = Release|Any CPU
	EndGlobalSection
	GlobalSection(ProjectConfigurationPlatforms) = postSolution
		{AC329F0D-5981-4D05-8864-E71FFA9C3675}.Debug|Any CPU.ActiveCfg = Debug|Any CPU
		{AC329F0D-5981-4D05-8864-E71FFA9C3675}.Debug|Any CPU.Build.0 = Debug|Any CPU
		{AC329F0D-5981-4D05-8864-E71FFA9C3675}.Release|Any CPU.ActiveCfg = Release|Any CPU
		{AC329F0D-5981-4D05-8864-E71FFA9C3675}.Release|Any CPU.Build.0 = Release|Any CPU
	EndGlobalSection
	GlobalSection(SolutionProperties) = preSolution
		HideSolutionNode = FALSE
	EndGlobalSection
	GlobalSection(ExtensibilityGlobals) = postSolution
		SolutionGuid = {51E5209E-D683-4B24-835F-BA2B3F796AE4}
	EndGlobalSection
EndGlobal
